
Microsoft Visual Studio Solution File, Format Version 12.00
# Visual Studio Version 17
VisualStudioVersion = 17.0.31912.275
MinimumVisualStudioVersion = 10.0.40219.1
Project("{9A19103F-16F7-4668-BE54-9A1E7A4F7556}") = "Day1", "Day1\Day1.csproj", "{E7DB7FDC-D189-4A14-800A-B517E2BDEC38}"
EndProject
Project("{9A19103F-16F7-4668-BE54-9A1E7A4F7556}") = "Common", "Common\Common.csproj", "{3468180B-5176-452E-9A32-434E5BC31C21}"
EndProject
Project("{9A19103F-16F7-4668-BE54-9A1E7A4F7556}") = "Day2", "Day2\Day2.csproj", "{A3F14ACE-3BB2-4F89-AD5D-77914592F088}"
EndProject
Project("{9A19103F-16F7-4668-BE54-9A1E7A4F7556}") = "Day2.Tests", "Day2.Tests\Day2.Tests.csproj", "{2F7D1B8F-8D1A-413E-8892-AF0E131D23FE}"
EndProject
Project("{9A19103F-16F7-4668-BE54-9A1E7A4F7556}") = "Day3", "Day3\Day3.csproj", "{EBCF13CE-2B0F-4977-97DF-C0754D0F9845}"
EndProject
Project("{9A19103F-16F7-4668-BE54-9A1E7A4F7556}") = "Day3.Tests", "Day3.Tests\Day3.Tests.csproj", "{B3673E30-E8E1-420D-8687-015BA917E1E1}"
EndProject
Project("{FAE04EC0-301F-11D3-BF4B-00C04F79EFBC}") = "Day4", "Day4\Day4.csproj", "{18C9061B-CCB7-447A-B698-1A61B679E9E3}"
EndProject
Project("{FAE04EC0-301F-11D3-BF4B-00C04F79EFBC}") = "Day4.Tests", "Day4.Tests\Day4.Tests.csproj", "{EF645FAC-6D3F-43DB-8F89-1F7555C435E9}"
EndProject
Global
	GlobalSection(SolutionConfigurationPlatforms) = preSolution
		Debug|Any CPU = Debug|Any CPU
		Release|Any CPU = Release|Any CPU
	EndGlobalSection
	GlobalSection(ProjectConfigurationPlatforms) = postSolution
		{E7DB7FDC-D189-4A14-800A-B517E2BDEC38}.Debug|Any CPU.ActiveCfg = Debug|Any CPU
		{E7DB7FDC-D189-4A14-800A-B517E2BDEC38}.Debug|Any CPU.Build.0 = Debug|Any CPU
		{E7DB7FDC-D189-4A14-800A-B517E2BDEC38}.Release|Any CPU.ActiveCfg = Release|Any CPU
		{E7DB7FDC-D189-4A14-800A-B517E2BDEC38}.Release|Any CPU.Build.0 = Release|Any CPU
		{3468180B-5176-452E-9A32-434E5BC31C21}.Debug|Any CPU.ActiveCfg = Debug|Any CPU
		{3468180B-5176-452E-9A32-434E5BC31C21}.Debug|Any CPU.Build.0 = Debug|Any CPU
		{3468180B-5176-452E-9A32-434E5BC31C21}.Release|Any CPU.ActiveCfg = Release|Any CPU
		{3468180B-5176-452E-9A32-434E5BC31C21}.Release|Any CPU.Build.0 = Release|Any CPU
		{A3F14ACE-3BB2-4F89-AD5D-77914592F088}.Debug|Any CPU.ActiveCfg = Debug|Any CPU
		{A3F14ACE-3BB2-4F89-AD5D-77914592F088}.Debug|Any CPU.Build.0 = Debug|Any CPU
		{A3F14ACE-3BB2-4F89-AD5D-77914592F088}.Release|Any CPU.ActiveCfg = Release|Any CPU
		{A3F14ACE-3BB2-4F89-AD5D-77914592F088}.Release|Any CPU.Build.0 = Release|Any CPU
		{2F7D1B8F-8D1A-413E-8892-AF0E131D23FE}.Debug|Any CPU.ActiveCfg = Debug|Any CPU
		{2F7D1B8F-8D1A-413E-8892-AF0E131D23FE}.Debug|Any CPU.Build.0 = Debug|Any CPU
		{2F7D1B8F-8D1A-413E-8892-AF0E131D23FE}.Release|Any CPU.ActiveCfg = Release|Any CPU
		{2F7D1B8F-8D1A-413E-8892-AF0E131D23FE}.Release|Any CPU.Build.0 = Release|Any CPU
		{EBCF13CE-2B0F-4977-97DF-C0754D0F9845}.Debug|Any CPU.ActiveCfg = Debug|Any CPU
		{EBCF13CE-2B0F-4977-97DF-C0754D0F9845}.Debug|Any CPU.Build.0 = Debug|Any CPU
		{EBCF13CE-2B0F-4977-97DF-C0754D0F9845}.Release|Any CPU.ActiveCfg = Release|Any CPU
		{EBCF13CE-2B0F-4977-97DF-C0754D0F9845}.Release|Any CPU.Build.0 = Release|Any CPU
		{B3673E30-E8E1-420D-8687-015BA917E1E1}.Debug|Any CPU.ActiveCfg = Debug|Any CPU
		{B3673E30-E8E1-420D-8687-015BA917E1E1}.Debug|Any CPU.Build.0 = Debug|Any CPU
		{B3673E30-E8E1-420D-8687-015BA917E1E1}.Release|Any CPU.ActiveCfg = Release|Any CPU
		{B3673E30-E8E1-420D-8687-015BA917E1E1}.Release|Any CPU.Build.0 = Release|Any CPU
		{18C9061B-CCB7-447A-B698-1A61B679E9E3}.Debug|Any CPU.ActiveCfg = Debug|Any CPU
		{18C9061B-CCB7-447A-B698-1A61B679E9E3}.Debug|Any CPU.Build.0 = Debug|Any CPU
		{18C9061B-CCB7-447A-B698-1A61B679E9E3}.Release|Any CPU.ActiveCfg = Release|Any CPU
		{18C9061B-CCB7-447A-B698-1A61B679E9E3}.Release|Any CPU.Build.0 = Release|Any CPU
		{EF645FAC-6D3F-43DB-8F89-1F7555C435E9}.Debug|Any CPU.ActiveCfg = Debug|Any CPU
		{EF645FAC-6D3F-43DB-8F89-1F7555C435E9}.Debug|Any CPU.Build.0 = Debug|Any CPU
		{EF645FAC-6D3F-43DB-8F89-1F7555C435E9}.Release|Any CPU.ActiveCfg = Release|Any CPU
		{EF645FAC-6D3F-43DB-8F89-1F7555C435E9}.Release|Any CPU.Build.0 = Release|Any CPU
	EndGlobalSection
	GlobalSection(SolutionProperties) = preSolution
		HideSolutionNode = FALSE
	EndGlobalSection
	GlobalSection(ExtensibilityGlobals) = postSolution
		SolutionGuid = {C6A0FEC2-9FBB-44AF-A84A-406F3CC1A191}
	EndGlobalSection
EndGlobal
